
Microsoft Visual Studio Solution File, Format Version 12.00
# Visual Studio 15
VisualStudioVersion = 15.0.27004.2006
MinimumVisualStudioVersion = 10.0.40219.1
Project("{FAE04EC0-301F-11D3-BF4B-00C04F79EFBC}") = "automat_perkusyjny", "automat_perkusyjny.csproj", "{D68838D3-A93F-4BFD-BCF5-7577A5F77EBB}"
EndProject
Global
	GlobalSection(SolutionConfigurationPlatforms) = preSolution
		Debug|Any CPU = Debug|Any CPU
		Release|Any CPU = Release|Any CPU
	EndGlobalSection
	GlobalSection(ProjectConfigurationPlatforms) = postSolution
		{D68838D3-A93F-4BFD-BCF5-7577A5F77EBB}.Debug|Any CPU.ActiveCfg = Debug|Any CPU
		{D68838D3-A93F-4BFD-BCF5-7577A5F77EBB}.Debug|Any CPU.Build.0 = Debug|Any CPU
		{D68838D3-A93F-4BFD-BCF5-7577A5F77EBB}.Release|Any CPU.ActiveCfg = Release|Any CPU
		{D68838D3-A93F-4BFD-BCF5-7577A5F77EBB}.Release|Any CPU.Build.0 = Release|Any CPU
	EndGlobalSection
	GlobalSection(SolutionProperties) = preSolution
		HideSolutionNode = FALSE
	EndGlobalSection
	GlobalSection(ExtensibilityGlobals) = postSolution
		SolutionGuid = {AD372143-0660-4C5E-8F95-79A9BB73056B}
	EndGlobalSection
EndGlobal
